
Microsoft Visual Studio Solution File, Format Version 12.00
# Visual Studio Version 17
VisualStudioVersion = 17.5.002.0
MinimumVisualStudioVersion = 10.0.40219.1
Project("{9A19103F-16F7-4668-BE54-9A1E7A4F7556}") = "DoWhile", "DoWhile\DoWhile.csproj", "{BE7DD2FF-E178-45CF-B8D3-F0D00276499E}"
EndProject
Project("{9A19103F-16F7-4668-BE54-9A1E7A4F7556}") = "LaçoRepeticao", "LaçoRepeticao\LaçoRepeticao.csproj", "{F35D7C8D-A838-49B7-BEF3-47DFF10513F3}"
EndProject
Project("{9A19103F-16F7-4668-BE54-9A1E7A4F7556}") = "NotaAluno", "NotaAluno\NotaAluno.csproj", "{21F91A28-C9AB-40DB-94B8-62139C0CEBE2}"
EndProject
Project("{9A19103F-16F7-4668-BE54-9A1E7A4F7556}") = "WhileRepeticao", "WhileRepeticao\WhileRepeticao.csproj", "{00E7C2CD-0510-4DE8-953A-C8C873A5E646}"
EndProject
Project("{2150E333-8FDC-42A3-9474-1A3956D46DE8}") = "Lista2", "Lista2", "{F0851403-0C39-493A-8794-746B70B56252}"
EndProject
Project("{9A19103F-16F7-4668-BE54-9A1E7A4F7556}") = "Exercicio01", "Lista2\Exercicio01\Exercicio01.csproj", "{77B77A40-EB1E-457C-A8FB-F7457FE9D9F7}"
EndProject
Project("{9A19103F-16F7-4668-BE54-9A1E7A4F7556}") = "Exercicio02", "Lista2\Exercicio02\Exercicio02.csproj", "{4B15A68B-1EF7-4C73-9AA8-F0EC5311BCBB}"
EndProject
Project("{9A19103F-16F7-4668-BE54-9A1E7A4F7556}") = "Exercicio03", "Lista2\Exercicio03\Exercicio03.csproj", "{E9F677CB-44A0-4FF6-8C25-A6D1B844F661}"
EndProject
Project("{9A19103F-16F7-4668-BE54-9A1E7A4F7556}") = "Exercicio04", "Lista2\Exercicio04\Exercicio04.csproj", "{BE8E7F6C-CCCD-474C-93A2-4689BFA04DB2}"
EndProject
Project("{9A19103F-16F7-4668-BE54-9A1E7A4F7556}") = "Exercicio05", "Lista2\Exercicio05\Exercicio05.csproj", "{41E2A9AD-6872-4114-9909-2B7F20B48F89}"
EndProject
Global
	GlobalSection(SolutionConfigurationPlatforms) = preSolution
		Debug|Any CPU = Debug|Any CPU
		Release|Any CPU = Release|Any CPU
	EndGlobalSection
	GlobalSection(ProjectConfigurationPlatforms) = postSolution
		{BE7DD2FF-E178-45CF-B8D3-F0D00276499E}.Debug|Any CPU.ActiveCfg = Debug|Any CPU
		{BE7DD2FF-E178-45CF-B8D3-F0D00276499E}.Debug|Any CPU.Build.0 = Debug|Any CPU
		{BE7DD2FF-E178-45CF-B8D3-F0D00276499E}.Release|Any CPU.ActiveCfg = Release|Any CPU
		{BE7DD2FF-E178-45CF-B8D3-F0D00276499E}.Release|Any CPU.Build.0 = Release|Any CPU
		{F35D7C8D-A838-49B7-BEF3-47DFF10513F3}.Debug|Any CPU.ActiveCfg = Debug|Any CPU
		{F35D7C8D-A838-49B7-BEF3-47DFF10513F3}.Debug|Any CPU.Build.0 = Debug|Any CPU
		{F35D7C8D-A838-49B7-BEF3-47DFF10513F3}.Release|Any CPU.ActiveCfg = Release|Any CPU
		{F35D7C8D-A838-49B7-BEF3-47DFF10513F3}.Release|Any CPU.Build.0 = Release|Any CPU
		{21F91A28-C9AB-40DB-94B8-62139C0CEBE2}.Debug|Any CPU.ActiveCfg = Debug|Any CPU
		{21F91A28-C9AB-40DB-94B8-62139C0CEBE2}.Debug|Any CPU.Build.0 = Debug|Any CPU
		{21F91A28-C9AB-40DB-94B8-62139C0CEBE2}.Release|Any CPU.ActiveCfg = Release|Any CPU
		{21F91A28-C9AB-40DB-94B8-62139C0CEBE2}.Release|Any CPU.Build.0 = Release|Any CPU
		{00E7C2CD-0510-4DE8-953A-C8C873A5E646}.Debug|Any CPU.ActiveCfg = Debug|Any CPU
		{00E7C2CD-0510-4DE8-953A-C8C873A5E646}.Debug|Any CPU.Build.0 = Debug|Any CPU
		{00E7C2CD-0510-4DE8-953A-C8C873A5E646}.Release|Any CPU.ActiveCfg = Release|Any CPU
		{00E7C2CD-0510-4DE8-953A-C8C873A5E646}.Release|Any CPU.Build.0 = Release|Any CPU
		{77B77A40-EB1E-457C-A8FB-F7457FE9D9F7}.Debug|Any CPU.ActiveCfg = Debug|Any CPU
		{77B77A40-EB1E-457C-A8FB-F7457FE9D9F7}.Debug|Any CPU.Build.0 = Debug|Any CPU
		{77B77A40-EB1E-457C-A8FB-F7457FE9D9F7}.Release|Any CPU.ActiveCfg = Release|Any CPU
		{77B77A40-EB1E-457C-A8FB-F7457FE9D9F7}.Release|Any CPU.Build.0 = Release|Any CPU
		{4B15A68B-1EF7-4C73-9AA8-F0EC5311BCBB}.Debug|Any CPU.ActiveCfg = Debug|Any CPU
		{4B15A68B-1EF7-4C73-9AA8-F0EC5311BCBB}.Debug|Any CPU.Build.0 = Debug|Any CPU
		{4B15A68B-1EF7-4C73-9AA8-F0EC5311BCBB}.Release|Any CPU.ActiveCfg = Release|Any CPU
		{4B15A68B-1EF7-4C73-9AA8-F0EC5311BCBB}.Release|Any CPU.Build.0 = Release|Any CPU
		{E9F677CB-44A0-4FF6-8C25-A6D1B844F661}.Debug|Any CPU.ActiveCfg = Debug|Any CPU
		{E9F677CB-44A0-4FF6-8C25-A6D1B844F661}.Debug|Any CPU.Build.0 = Debug|Any CPU
		{E9F677CB-44A0-4FF6-8C25-A6D1B844F661}.Release|Any CPU.ActiveCfg = Release|Any CPU
		{E9F677CB-44A0-4FF6-8C25-A6D1B844F661}.Release|Any CPU.Build.0 = Release|Any CPU
		{BE8E7F6C-CCCD-474C-93A2-4689BFA04DB2}.Debug|Any CPU.ActiveCfg = Debug|Any CPU
		{BE8E7F6C-CCCD-474C-93A2-4689BFA04DB2}.Debug|Any CPU.Build.0 = Debug|Any CPU
		{BE8E7F6C-CCCD-474C-93A2-4689BFA04DB2}.Release|Any CPU.ActiveCfg = Release|Any CPU
		{BE8E7F6C-CCCD-474C-93A2-4689BFA04DB2}.Release|Any CPU.Build.0 = Release|Any CPU
		{41E2A9AD-6872-4114-9909-2B7F20B48F89}.Debug|Any CPU.ActiveCfg = Debug|Any CPU
		{41E2A9AD-6872-4114-9909-2B7F20B48F89}.Debug|Any CPU.Build.0 = Debug|Any CPU
		{41E2A9AD-6872-4114-9909-2B7F20B48F89}.Release|Any CPU.ActiveCfg = Release|Any CPU
		{41E2A9AD-6872-4114-9909-2B7F20B48F89}.Release|Any CPU.Build.0 = Release|Any CPU
	EndGlobalSection
	GlobalSection(SolutionProperties) = preSolution
		HideSolutionNode = FALSE
	EndGlobalSection
	GlobalSection(NestedProjects) = preSolution
		{77B77A40-EB1E-457C-A8FB-F7457FE9D9F7} = {F0851403-0C39-493A-8794-746B70B56252}
		{4B15A68B-1EF7-4C73-9AA8-F0EC5311BCBB} = {F0851403-0C39-493A-8794-746B70B56252}
		{E9F677CB-44A0-4FF6-8C25-A6D1B844F661} = {F0851403-0C39-493A-8794-746B70B56252}
		{BE8E7F6C-CCCD-474C-93A2-4689BFA04DB2} = {F0851403-0C39-493A-8794-746B70B56252}
		{41E2A9AD-6872-4114-9909-2B7F20B48F89} = {F0851403-0C39-493A-8794-746B70B56252}
	EndGlobalSection
	GlobalSection(ExtensibilityGlobals) = postSolution
		SolutionGuid = {05DF7E54-2EE4-4492-BC6F-F143A1A78C22}
	EndGlobalSection
EndGlobal
